
Microsoft Visual Studio Solution File, Format Version 12.00
# Visual Studio 2012
Project("{2150E333-8FDC-42A3-9474-1A3956D46DE8}") = "Domain", "Domain", "{0C24EC75-4EA2-4D21-B23D-2072B4D7664D}"
EndProject
Project("{FAE04EC0-301F-11D3-BF4B-00C04F79EFBC}") = "Data.Contracts", "Data.Common\Data.Contracts.csproj", "{DACD5188-FE40-4C61-8213-92E97B0F84B5}"
EndProject
Project("{2150E333-8FDC-42A3-9474-1A3956D46DE8}") = "Shared", "Shared", "{D76752CF-C78E-4310-B8A2-254CA292DD92}"
EndProject
Project("{FAE04EC0-301F-11D3-BF4B-00C04F79EFBC}") = "Shared.Framework", "Shared.Framework\Shared.Framework.csproj", "{7EF99989-0482-4001-9D59-4D62FB7908EC}"
EndProject
Global
	GlobalSection(SolutionConfigurationPlatforms) = preSolution
		Debug|Any CPU = Debug|Any CPU
		Release|Any CPU = Release|Any CPU
	EndGlobalSection
	GlobalSection(ProjectConfigurationPlatforms) = postSolution
		{DACD5188-FE40-4C61-8213-92E97B0F84B5}.Debug|Any CPU.ActiveCfg = Debug|Any CPU
		{DACD5188-FE40-4C61-8213-92E97B0F84B5}.Debug|Any CPU.Build.0 = Debug|Any CPU
		{DACD5188-FE40-4C61-8213-92E97B0F84B5}.Release|Any CPU.ActiveCfg = Release|Any CPU
		{DACD5188-FE40-4C61-8213-92E97B0F84B5}.Release|Any CPU.Build.0 = Release|Any CPU
		{7EF99989-0482-4001-9D59-4D62FB7908EC}.Debug|Any CPU.ActiveCfg = Debug|Any CPU
		{7EF99989-0482-4001-9D59-4D62FB7908EC}.Debug|Any CPU.Build.0 = Debug|Any CPU
		{7EF99989-0482-4001-9D59-4D62FB7908EC}.Release|Any CPU.ActiveCfg = Release|Any CPU
		{7EF99989-0482-4001-9D59-4D62FB7908EC}.Release|Any CPU.Build.0 = Release|Any CPU
	EndGlobalSection
	GlobalSection(SolutionProperties) = preSolution
		HideSolutionNode = FALSE
	EndGlobalSection
	GlobalSection(NestedProjects) = preSolution
		{DACD5188-FE40-4C61-8213-92E97B0F84B5} = {0C24EC75-4EA2-4D21-B23D-2072B4D7664D}
		{7EF99989-0482-4001-9D59-4D62FB7908EC} = {D76752CF-C78E-4310-B8A2-254CA292DD92}
	EndGlobalSection
EndGlobal
